
Microsoft Visual Studio Solution File, Format Version 12.00
# Visual Studio Version 17
VisualStudioVersion = 17.13.35931.197 d17.13
MinimumVisualStudioVersion = 10.0.40219.1
Project("{FAE04EC0-301F-11D3-BF4B-00C04F79EFBC}") = "WebApplication1", "WebApplication1\WebApplication1.csproj", "{E756B955-CF67-4BD1-9620-120EFFEB515E}"
EndProject
Global
	GlobalSection(SolutionConfigurationPlatforms) = preSolution
		Debug|Any CPU = Debug|Any CPU
		Release|Any CPU = Release|Any CPU
	EndGlobalSection
	GlobalSection(ProjectConfigurationPlatforms) = postSolution
		{E756B955-CF67-4BD1-9620-120EFFEB515E}.Debug|Any CPU.ActiveCfg = Debug|Any CPU
		{E756B955-CF67-4BD1-9620-120EFFEB515E}.Debug|Any CPU.Build.0 = Debug|Any CPU
		{E756B955-CF67-4BD1-9620-120EFFEB515E}.Release|Any CPU.ActiveCfg = Release|Any CPU
		{E756B955-CF67-4BD1-9620-120EFFEB515E}.Release|Any CPU.Build.0 = Release|Any CPU
	EndGlobalSection
	GlobalSection(SolutionProperties) = preSolution
		HideSolutionNode = FALSE
	EndGlobalSection
	GlobalSection(ExtensibilityGlobals) = postSolution
		SolutionGuid = {33D3415B-33BA-4721-8888-CF6046E3F47E}
	EndGlobalSection
EndGlobal
